
Microsoft Visual Studio Solution File, Format Version 12.00
# Visual Studio Version 17
VisualStudioVersion = 17.4.33122.133
MinimumVisualStudioVersion = 10.0.40219.1
Project("{FAE04EC0-301F-11D3-BF4B-00C04F79EFBC}") = "ConversorDeMedidas", "ConversorDeMedidas\ConversorDeMedidas.csproj", "{83DE2974-E5F7-48B1-A1DC-64B6AC890ED9}"
EndProject
Global
	GlobalSection(SolutionConfigurationPlatforms) = preSolution
		Debug|Any CPU = Debug|Any CPU
		Release|Any CPU = Release|Any CPU
	EndGlobalSection
	GlobalSection(ProjectConfigurationPlatforms) = postSolution
		{83DE2974-E5F7-48B1-A1DC-64B6AC890ED9}.Debug|Any CPU.ActiveCfg = Debug|Any CPU
		{83DE2974-E5F7-48B1-A1DC-64B6AC890ED9}.Debug|Any CPU.Build.0 = Debug|Any CPU
		{83DE2974-E5F7-48B1-A1DC-64B6AC890ED9}.Release|Any CPU.ActiveCfg = Release|Any CPU
		{83DE2974-E5F7-48B1-A1DC-64B6AC890ED9}.Release|Any CPU.Build.0 = Release|Any CPU
	EndGlobalSection
	GlobalSection(SolutionProperties) = preSolution
		HideSolutionNode = FALSE
	EndGlobalSection
	GlobalSection(ExtensibilityGlobals) = postSolution
		SolutionGuid = {F2DDE5F2-7058-4D9D-81AE-6FA24DE33417}
	EndGlobalSection
EndGlobal
