
Microsoft Visual Studio Solution File, Format Version 12.00
# Visual Studio Version 17
VisualStudioVersion = 17.6.33712.159
MinimumVisualStudioVersion = 10.0.40219.1
Project("{FAE04EC0-301F-11D3-BF4B-00C04F79EFBC}") = "GeradorDeSenha", "GeradorDeSenha\GeradorDeSenha.csproj", "{DFD9B781-B09F-4DE1-BE0C-5315DB6D3FD3}"
EndProject
Global
	GlobalSection(SolutionConfigurationPlatforms) = preSolution
		Debug|Any CPU = Debug|Any CPU
		Release|Any CPU = Release|Any CPU
	EndGlobalSection
	GlobalSection(ProjectConfigurationPlatforms) = postSolution
		{DFD9B781-B09F-4DE1-BE0C-5315DB6D3FD3}.Debug|Any CPU.ActiveCfg = Debug|Any CPU
		{DFD9B781-B09F-4DE1-BE0C-5315DB6D3FD3}.Debug|Any CPU.Build.0 = Debug|Any CPU
		{DFD9B781-B09F-4DE1-BE0C-5315DB6D3FD3}.Release|Any CPU.ActiveCfg = Release|Any CPU
		{DFD9B781-B09F-4DE1-BE0C-5315DB6D3FD3}.Release|Any CPU.Build.0 = Release|Any CPU
	EndGlobalSection
	GlobalSection(SolutionProperties) = preSolution
		HideSolutionNode = FALSE
	EndGlobalSection
	GlobalSection(ExtensibilityGlobals) = postSolution
		SolutionGuid = {C8C195F1-9748-4A9D-9533-CCF937DBA3DF}
	EndGlobalSection
EndGlobal
